
Microsoft Visual Studio Solution File, Format Version 12.00
# Visual Studio Version 16
VisualStudioVersion = 16.0.31129.286
MinimumVisualStudioVersion = 10.0.40219.1
Project("{FAE04EC0-301F-11D3-BF4B-00C04F79EFBC}") = "Calculator", "Calculator.csproj", "{4035F464-B1F0-440C-9E42-346701E6AAAF}"
EndProject
Global
	GlobalSection(SolutionConfigurationPlatforms) = preSolution
		Debug|Any CPU = Debug|Any CPU
		Release|Any CPU = Release|Any CPU
	EndGlobalSection
	GlobalSection(ProjectConfigurationPlatforms) = postSolution
		{4035F464-B1F0-440C-9E42-346701E6AAAF}.Debug|Any CPU.ActiveCfg = Debug|Any CPU
		{4035F464-B1F0-440C-9E42-346701E6AAAF}.Debug|Any CPU.Build.0 = Debug|Any CPU
		{4035F464-B1F0-440C-9E42-346701E6AAAF}.Release|Any CPU.ActiveCfg = Release|Any CPU
		{4035F464-B1F0-440C-9E42-346701E6AAAF}.Release|Any CPU.Build.0 = Release|Any CPU
	EndGlobalSection
	GlobalSection(SolutionProperties) = preSolution
		HideSolutionNode = FALSE
	EndGlobalSection
	GlobalSection(ExtensibilityGlobals) = postSolution
		SolutionGuid = {79CDCF59-02A0-4B72-83FD-416DD92E7ACA}
	EndGlobalSection
EndGlobal
